PODS:
  - Crashlytics (3.10.5):
    - Fabric (~> 1.7.9)
  - Fabric (1.7.9)

DEPENDENCIES:
  - Crashlytics
  - Fabric

SPEC REPOS:
  trunk:
    - Crashlytics
    - Fabric

SPEC CHECKSUMS:
  Crashlytics: 1ee51c7b651610a89e3a8851450c05ab20300a6f
  Fabric: 78ab415e244c8f07c410801b97518bc5afbc8aad

PODFILE CHECKSUM: 305a5d9af9bde1ea3c7fc9565633547c993b8abb

COCOAPODS: 1.11.2
